// !$*UTF8*$!
{
	archiveVersion = 1;
	classes = {
	};
	objectVersion = 46;
	objects = {

/* Begin PBXBuildFile section */
		2C63640D1B628457000CE06B /* main.m in Sources */ = {isa = PBXBuildFile; fileRef = 2C63640C1B628457000CE06B /* main.m */; };
		2C6364101B628457000CE06B /* AppDelegate.m in Sources */ = {isa = PBXBuildFile; fileRef = 2C63640F1B628457000CE06B /* AppDelegate.m */; };
		2C6364131B628457000CE06B /* ViewController.m in Sources */ = {isa = PBXBuildFile; fileRef = 2C6364121B628457000CE06B /* ViewController.m */; };
		2C6364161B628457000CE06B /* Main.storyboard in Resources */ = {isa = PBXBuildFile; fileRef = 2C6364141B628457000CE06B /* Main.storyboard */; };
		2C6364181B628457000CE06B /* Images.xcassets in Resources */ = {isa = PBXBuildFile; fileRef = 2C6364171B628457000CE06B /* Images.xcassets */; };
		2C63641B1B628457000CE06B /* LaunchScreen.xib in Resources */ = {isa = PBXBuildFile; fileRef = 2C6364191B628457000CE06B /* LaunchScreen.xib */; };
		2C6364271B628457000CE06B /* InteractorMenuTests.m in Sources */ = {isa = PBXBuildFile; fileRef = 2C6364261B628457000CE06B /* InteractorMenuTests.m */; };
/* End PBXBuildFile section */

/* Begin PBXContainerItemProxy section */
		2C6364211B628457000CE06B /* PBXContainerItemProxy */ = {
			isa = PBXContainerItemProxy;
			containerPortal = 2C6363FF1B628457000CE06B /* Project object */;
			proxyType = 1;
			remoteGlobalIDString = 2C6364061B628457000CE06B;
			remoteInfo = InteractorMenu;
		};
/* End PBXContainerItemProxy section */

/* Begin PBXFileReference section */
		2C6364071B628457000CE06B /* InteractorMenu.app */ = {isa = PBXFileReference; explicitFileType = wrapper.application; includeInIndex = 0; path = InteractorMenu.app; sourceTree = BUILT_PRODUCTS_DIR; };
		2C63640B1B628457000CE06B /* Info.plist */ = {isa = PBXFileReference; lastKnownFileType = text.plist.xml; path = Info.plist; sourceTree = "<group>"; };
		2C63640C1B628457000CE06B /* main.m */ = {isa = PBXFileReference; lastKnownFileType = sourcecode.c.objc; path = main.m; sourceTree = "<group>"; };
		2C63640E1B628457000CE06B /* AppDelegate.h */ = {isa = PBXFileReference; lastKnownFileType = sourcecode.c.h; path = AppDelegate.h; sourceTree = "<group>"; };
		2C63640F1B628457000CE06B /* AppDelegate.m */ = {isa = PBXFileReference; lastKnownFileType = sourcecode.c.objc; path = AppDelegate.m; sourceTree = "<group>"; };
		2C6364111B628457000CE06B /* ViewController.h */ = {isa = PBXFileReference; lastKnownFileType = sourcecode.c.h; path = ViewController.h; sourceTree = "<group>"; };
		2C6364121B628457000CE06B /* ViewController.m */ = {isa = PBXFileReference; lastKnownFileType = sourcecode.c.objc; path = ViewController.m; sourceTree = "<group>"; };
		2C6364151B628457000CE06B /* Base */ = {isa = PBXFileReference; lastKnownFileType = file.storyboard; name = Base; path = Base.lproj/Main.storyboard; sourceTree = "<group>"; };
		2C6364171B628457000CE06B /* Images.xcassets */ = {isa = PBXFileReference; lastKnownFileType = folder.assetcatalog; path = Images.xcassets; sourceTree = "<group>"; };
		2C63641A1B628457000CE06B /* Base */ = {isa = PBXFileReference; lastKnownFileType = file.xib; name = Base; path = Base.lproj/LaunchScreen.xib; sourceTree = "<group>"; };
		2C6364201B628457000CE06B /* InteractorMenuTests.xctest */ = {isa = PBXFileReference; explicitFileType = wrapper.cfbundle; includeInIndex = 0; path = InteractorMenuTests.xctest; sourceTree = BUILT_PRODUCTS_DIR; };
		2C6364251B628457000CE06B /* Info.plist */ = {isa = PBXFileReference; lastKnownFileType = text.plist.xml; path = Info.plist; sourceTree = "<group>"; };
		2C6364261B628457000CE06B /* InteractorMenuTests.m */ = {isa = PBXFileReference; lastKnownFileType = sourcecode.c.objc; path = InteractorMenuTests.m; sourceTree = "<group>"; };
/* End PBXFileReference section */

/* Begin PBXFrameworksBuildPhase section */
		2C6364041B628457000CE06B /* Frameworks */ = {
			isa = PBXFrameworksBuildPhase;
			buildActionMask = 2147483647;
			files = (
			);
			runOnlyForDeploymentPostprocessing = 0;
		};
		2C63641D1B628457000CE06B /* Frameworks */ = {
			isa = PBXFrameworksBuildPhase;
			buildActionMask = 2147483647;
			files = (
			);
			runOnlyForDeploymentPostprocessing = 0;
		};
/* End PBXFrameworksBuildPhase section */

/* Begin PBXGroup section */
		2C6363FE1B628457000CE06B = {
			isa = PBXGroup;
			children = (
				2C6364091B628457000CE06B /* InteractorMenu */,
				2C6364231B628457000CE06B /* InteractorMenuTests */,
				2C6364081B628457000CE06B /* Products */,
			);
			sourceTree = "<group>";
		};
		2C6364081B628457000CE06B /* Products */ = {
			isa = PBXGroup;
			children = (
				2C6364071B628457000CE06B /* InteractorMenu.app */,
				2C6364201B628457000CE06B /* InteractorMenuTests.xctest */,
			);
			name = Products;
			sourceTree = "<group>";
		};
		2C6364091B628457000CE06B /* InteractorMenu */ = {
			isa = PBXGroup;
			children = (
				2C63640E1B628457000CE06B /* AppDelegate.h */,
				2C63640F1B628457000CE06B /* AppDelegate.m */,
				2C6364111B628457000CE06B /* ViewController.h */,
				2C6364121B628457000CE06B /* ViewController.m */,
				2C6364141B628457000CE06B /* Main.storyboard */,
				2C6364171B628457000CE06B /* Images.xcassets */,
				2C6364191B628457000CE06B /* LaunchScreen.xib */,
				2C63640A1B628457000CE06B /* Supporting Files */,
			);
			path = InteractorMenu;
			sourceTree = "<group>";
		};
		2C63640A1B628457000CE06B /* Supporting Files */ = {
			isa = PBXGroup;
			children = (
				2C63640B1B628457000CE06B /* Info.plist */,
				2C63640C1B628457000CE06B /* main.m */,
			);
			name = "Supporting Files";
			sourceTree = "<group>";
		};
		2C6364231B628457000CE06B /* InteractorMenuTests */ = {
			isa = PBXGroup;
			children = (
				2C6364261B628457000CE06B /* InteractorMenuTests.m */,
				2C6364241B628457000CE06B /* Supporting Files */,
			);
			path = InteractorMenuTests;
			sourceTree = "<group>";
		};
		2C6364241B628457000CE06B /* Supporting Files */ = {
			isa = PBXGroup;
			children = (
				2C6364251B628457000CE06B /* Info.plist */,
			);
			name = "Supporting Files";
			sourceTree = "<group>";
		};
/* End PBXGroup section */

/* Begin PBXNativeTarget section */
		2C6364061B628457000CE06B /* InteractorMenu */ = {
			isa = PBXNativeTarget;
			buildConfigurationList = 2C63642A1B628457000CE06B /* Build configuration list for PBXNativeTarget "InteractorMenu" */;
			buildPhases = (
				2C6364031B628457000CE06B /* Sources */,
				2C6364041B628457000CE06B /* Frameworks */,
				2C6364051B628457000CE06B /* Resources */,
			);
			buildRules = (
			);
			dependencies = (
			);
			name = InteractorMenu;
			productName = InteractorMenu;
			productReference = 2C6364071B628457000CE06B /* InteractorMenu.app */;
			productType = "com.apple.product-type.application";
		};
		2C63641F1B628457000CE06B /* InteractorMenuTests */ = {
			isa = PBXNativeTarget;
			buildConfigurationList = 2C63642D1B628457000CE06B /* Build configuration list for PBXNativeTarget "InteractorMenuTests" */;
			buildPhases = (
				2C63641C1B628457000CE06B /* Sources */,
				2C63641D1B628457000CE06B /* Frameworks */,
				2C63641E1B628457000CE06B /* Resources */,
			);
			buildRules = (
			);
			dependencies = (
				2C6364221B628457000CE06B /* PBXTargetDependency */,
			);
			name = InteractorMenuTests;
			productName = InteractorMenuTests;
			productReference = 2C6364201B628457000CE06B /* InteractorMenuTests.xctest */;
			productType = "com.apple.product-type.bundle.unit-test";
		};
/* End PBXNativeTarget section */

/* Begin PBXProject section */
		2C6363FF1B628457000CE06B /* Project object */ = {
			isa = PBXProject;
			attributes = {
				LastUpgradeCheck = 0640;
				ORGANIZATIONNAME = "Viva Innovation Ltd";
				TargetAttributes = {
					2C6364061B628457000CE06B = {
						CreatedOnToolsVersion = 6.4;
					};
					2C63641F1B628457000CE06B = {
						CreatedOnToolsVersion = 6.4;
						TestTargetID = 2C6364061B628457000CE06B;
					};
				};
			};
			buildConfigurationList = 2C6364021B628457000CE06B /* Build configuration list for PBXProject "InteractorMenu" */;
			compatibilityVersion = "Xcode 3.2";
			developmentRegion = English;
			hasScannedForEncodings = 0;
			knownRegions = (
				en,
				Base,
			);
			mainGroup = 2C6363FE1B628457000CE06B;
			productRefGroup = 2C6364081B628457000CE06B /* Products */;
			projectDirPath = "";
			projectRoot = "";
			targets = (
				2C6364061B628457000CE06B /* InteractorMenu */,
				2C63641F1B628457000CE06B /* InteractorMenuTests */,
			);
		};
/* End PBXProject section */

/* Begin PBXResourcesBuildPhase section */
		2C6364051B628457000CE06B /* Resources */ = {
			isa = PBXResourcesBuildPhase;
			buildActionMask = 2147483647;
			files = (
				2C6364161B628457000CE06B /* Main.storyboard in Resources */,
				2C63641B1B628457000CE06B /* LaunchScreen.xib in Resources */,
				2C6364181B628457000CE06B /* Images.xcassets in Resources */,
			);
			runOnlyForDeploymentPostprocessing = 0;
		};
		2C63641E1B628457000CE06B /* Resources */ = {
			isa = PBXResourcesBuildPhase;
			buildActionMask = 2147483647;
			files = (
			);
			runOnlyForDeploymentPostprocessing = 0;
		};
/* End PBXResourcesBuildPhase section */

/* Begin PBXSourcesBuildPhase section */
		2C6364031B628457000CE06B /* Sources */ = {
			isa = PBXSourcesBuildPhase;
			buildActionMask = 2147483647;
			files = (
				2C6364131B628457000CE06B /* ViewController.m in Sources */,
				2C6364101B628457000CE06B /* AppDelegate.m in Sources */,
				2C63640D1B628457000CE06B /* main.m in Sources */,
			);
			runOnlyForDeploymentPostprocessing = 0;
		};
		2C63641C1B628457000CE06B /* Sources */ = {
			isa = PBXSourcesBuildPhase;
			buildActionMask = 2147483647;
			files = (
				2C6364271B628457000CE06B /* InteractorMenuTests.m in Sources */,
			);
			runOnlyForDeploymentPostprocessing = 0;
		};
/* End PBXSourcesBuildPhase section */

/* Begin PBXTargetDependency section */
		2C6364221B628457000CE06B /* PBXTargetDependency */ = {
			isa = PBXTargetDependency;
			target = 2C6364061B628457000CE06B /* InteractorMenu */;
			targetProxy = 2C6364211B628457000CE06B /* PBXContainerItemProxy */;
		};
/* End PBXTargetDependency section */

/* Begin PBXVariantGroup section */
		2C6364141B628457000CE06B /* Main.storyboard */ = {
			isa = PBXVariantGroup;
			children = (
				2C6364151B628457000CE06B /* Base */,
			);
			name = Main.storyboard;
			sourceTree = "<group>";
		};
		2C6364191B628457000CE06B /* LaunchScreen.xib */ = {
			isa = PBXVariantGroup;
			children = (
				2C63641A1B628457000CE06B /* Base */,
			);
			name = LaunchScreen.xib;
			sourceTree = "<group>";
		};
/* End PBXVariantGroup section */

/* Begin XCBuildConfiguration section */
		2C6364281B628457000CE06B /* Debug */ = {
			isa = XCBuildConfiguration;
			buildSettings = {
				ALWAYS_SEARCH_USER_PATHS = NO;
				CLANG_CXX_LANGUAGE_STANDARD = "gnu++0x";
				CLANG_CXX_LIBRARY = "libc++";
				CLANG_ENABLE_MODULES = YES;
				CLANG_ENABLE_OBJC_ARC = YES;
				CLANG_WARN_BOOL_CONVERSION = YES;
				CLANG_WARN_CONSTANT_CONVERSION = YES;
				CLANG_WARN_DIRECT_OBJC_ISA_USAGE = YES_ERROR;
				CLANG_WARN_EMPTY_BODY = YES;
				CLANG_WARN_ENUM_CONVERSION = YES;
				CLANG_WARN_INT_CONVERSION = YES;
				CLANG_WARN_OBJC_ROOT_CLASS = YES_ERROR;
				CLANG_WARN_UNREACHABLE_CODE = YES;
				CLANG_WARN__DUPLICATE_METHOD_MATCH = YES;
				"CODE_SIGN_IDENTITY[sdk=iphoneos*]" = "iPhone Developer";
				COPY_PHASE_STRIP = NO;
				DEBUG_INFORMATION_FORMAT = "dwarf-with-dsym";
				ENABLE_STRICT_OBJC_MSGSEND = YES;
				GCC_C_LANGUAGE_STANDARD = gnu99;
				GCC_DYNAMIC_NO_PIC = NO;
				GCC_NO_COMMON_BLOCKS = YES;
				GCC_OPTIMIZATION_LEVEL = 0;
				GCC_PREPROCESSOR_DEFINITIONS = (
					"DEBUG=1",
					"$(inherited)",
				);
				GCC_SYMBOLS_PRIVATE_EXTERN = NO;
				GCC_WARN_64_TO_32_BIT_CONVERSION = YES;
				GCC_WARN_ABOUT_RETURN_TYPE = YES_ERROR;
				GCC_WARN_UNDECLARED_SELECTOR = YES;
				GCC_WARN_UNINITIALIZED_AUTOS = YES_AGGRESSIVE;
				GCC_WARN_UNUSED_FUNCTION = YES;
				GCC_WARN_UNUSED_VARIABLE = YES;
				IPHONEOS_DEPLOYMENT_TARGET = 8.4;
				MTL_ENABLE_DEBUG_INFO = YES;
				ONLY_ACTIVE_ARCH = YES;
				SDKROOT = iphoneos;
			};
			name = Debug;
		};
		2C6364291B628457000CE06B /* Release */ = {
			isa = XCBuildConfiguration;
			buildSettings = {
				ALWAYS_SEARCH_USER_PATHS = NO;
				CLANG_CXX_LANGUAGE_STANDARD = "gnu++0x";
				CLANG_CXX_LIBRARY = "libc++";
				CLANG_ENABLE_MODULES = YES;
				CLANG_ENABLE_OBJC_ARC = YES;
				CLANG_WARN_BOOL_CONVERSION = YES;
				CLANG_WARN_CONSTANT_CONVERSION = YES;
				CLANG_WARN_DIRECT_OBJC_ISA_USAGE = YES_ERROR;
				CLANG_WARN_EMPTY_BODY = YES;
				CLANG_WARN_ENUM_CONVERSION = YES;
				CLANG_WARN_INT_CONVERSION = YES;
				CLANG_WARN_OBJC_ROOT_CLASS = YES_ERROR;
				CLANG_WARN_UNREACHABLE_CODE = YES;
				CLANG_WARN__DUPLICATE_METHOD_MATCH = YES;
				"CODE_SIGN_IDENTITY[sdk=iphoneos*]" = "iPhone Developer";
				COPY_PHASE_STRIP = NO;
				DEBUG_INFORMATION_FORMAT = "dwarf-with-dsym";
				ENABLE_NS_ASSERTIONS = NO;
				ENABLE_STRICT_OBJC_MSGSEND = YES;
				GCC_C_LANGUAGE_STANDARD = gnu99;
				GCC_NO_COMMON_BLOCKS = YES;
				GCC_WARN_64_TO_32_BIT_CONVERSION = YES;
				GCC_WARN_ABOUT_RETURN_TYPE = YES_ERROR;
				GCC_WARN_UNDECLARED_SELECTOR = YES;
				GCC_WARN_UNINITIALIZED_AUTOS = YES_AGGRESSIVE;
				GCC_WARN_UNUSED_FUNCTION = YES;
				GCC_WARN_UNUSED_VARIABLE = YES;
				IPHONEOS_DEPLOYMENT_TARGET = 8.4;
				MTL_ENABLE_DEBUG_INFO = NO;
				SDKROOT = iphoneos;
				VALIDATE_PRODUCT = YES;
			};
			name = Release;
		};
		2C63642B1B628457000CE06B /* Debug */ = {
			isa = XCBuildConfiguration;
			buildSettings = {
				ASSETCATALOG_COMPILER_APPICON_NAME = AppIcon;
				INFOPLIST_FILE = InteractorMenu/Info.plist;
				LD_RUNPATH_SEARCH_PATHS = "$(inherited) @executable_path/Frameworks";
				PRODUCT_NAME = "$(TARGET_NAME)";
			};
			name = Debug;
		};
		2C63642C1B628457000CE06B /* Release */ = {
			isa = XCBuildConfiguration;
			buildSettings = {
				ASSETCATALOG_COMPILER_APPICON_NAME = AppIcon;
				INFOPLIST_FILE = InteractorMenu/Info.plist;
				LD_RUNPATH_SEARCH_PATHS = "$(inherited) @executable_path/Frameworks";
				PRODUCT_NAME = "$(TARGET_NAME)";
			};
			name = Release;
		};
		2C63642E1B628457000CE06B /* Debug */ = {
			isa = XCBuildConfiguration;
			buildSettings = {
				BUNDLE_LOADER = "$(TEST_HOST)";
				FRAMEWORK_SEARCH_PATHS = (
					"$(SDKROOT)/Developer/Library/Frameworks",
					"$(inherited)",
				);
				GCC_PREPROCESSOR_DEFINITIONS = (
					"DEBUG=1",
					"$(inherited)",
				);
				INFOPLIST_FILE = InteractorMenuTests/Info.plist;
				LD_RUNPATH_SEARCH_PATHS = "$(inherited) @executable_path/Frameworks @loader_path/Frameworks";
				PRODUCT_NAME = "$(TARGET_NAME)";
				TEST_HOST = "$(BUILT_PRODUCTS_DIR)/InteractorMenu.app/InteractorMenu";
			};
			name = Debug;
		};
		2C63642F1B628457000CE06B /* Release */ = {
			isa = XCBuildConfiguration;
			buildSettings = {
				BUNDLE_LOADER = "$(TEST_HOST)";
				FRAMEWORK_SEARCH_PATHS = (
					"$(SDKROOT)/Developer/Library/Frameworks",
					"$(inherited)",
				);
				INFOPLIST_FILE = InteractorMenuTests/Info.plist;
				LD_RUNPATH_SEARCH_PATHS = "$(inherited) @executable_path/Frameworks @loader_path/Frameworks";
				PRODUCT_NAME = "$(TARGET_NAME)";
				TEST_HOST = "$(BUILT_PRODUCTS_DIR)/InteractorMenu.app/InteractorMenu";
			};
			name = Release;
		};
/* End XCBuildConfiguration section */

/* Begin XCConfigurationList section */
		2C6364021B628457000CE06B /* Build configuration list for PBXProject "InteractorMenu" */ = {
			isa = XCConfigurationList;
			buildConfigurations = (
				2C6364281B628457000CE06B /* Debug */,
				2C6364291B628457000CE06B /* Release */,
			);
			defaultConfigurationIsVisible = 0;
			defaultConfigurationName = Release;
		};
		2C63642A1B628457000CE06B /* Build configuration list for PBXNativeTarget "InteractorMenu" */ = {
			isa = XCConfigurationList;
			buildConfigurations = (
				2C63642B1B628457000CE06B /* Debug */,
				2C63642C1B628457000CE06B /* Release */,
			);
			defaultConfigurationIsVisible = 0;
		};
		2C63642D1B628457000CE06B /* Build configuration list for PBXNativeTarget "InteractorMenuTests" */ = {
			isa = XCConfigurationList;
			buildConfigurations = (
				2C63642E1B628457000CE06B /* Debug */,
				2C63642F1B628457000CE06B /* Release */,
			);
			defaultConfigurationIsVisible = 0;
		};
/* End XCConfigurationList section */
	};
	rootObject = 2C6363FF1B628457000CE06B /* Project object */;
}
